{
    "name": "stripecord-bot",
    "version": "1.0.0",
    "lockfileVersion": 3,
    "requires": true,
    "packages": {
        "": {
            "name": "stripecord-bot",
            "version": "1.0.0",
            "license": "MIT",
            "dependencies": {
                "discord.js": "^14.13.0",
                "dotenv": "^16.3.1",
                "events": "^3.3.0",
                "mongodb": "^5.9.2",
                "node-cron": "^3.0.2"
            }
        },
        "node_modules/@discordjs/builders": {
            "version": "1.7.0",
            "resolved": "https://registry.npmjs.org/@discordjs/builders/-/builders-1.7.0.tgz",
            "integrity": "sha512-GDtbKMkg433cOZur8Dv6c25EHxduNIBsxeHrsRoIM8+AwmEZ8r0tEpckx/sHwTLwQPOF3e2JWloZh9ofCaMfAw==",
            "dependencies": {
                "@discordjs/formatters": "^0.3.3",
                "@discordjs/util": "^1.0.2",
                "@sapphire/shapeshift": "^3.9.3",
                "discord-api-types": "0.37.61",
                "fast-deep-equal": "^3.1.3",
                "ts-mixer": "^6.0.3",
                "tslib": "^2.6.2"
            },
            "engines": {
                "node": ">=16.11.0"
            }
        },
        "node_modules/@discordjs/collection": {
            "version": "1.5.3",
            "resolved": "https://registry.npmjs.org/@discordjs/collection/-/collection-1.5.3.tgz",
            "integrity": "sha512-SVb428OMd3WO1paV3rm6tSjM4wC+Kecaa1EUGX7vc6/fddvw/6lg90z4QtCqm21zvVe92vMMDt9+DkIvjXImQQ==",
            "engines": {
                "node": ">=16.11.0"
            }
        },
        "node_modules/@discordjs/formatters": {
            "version": "0.3.3",
            "resolved": "https://registry.npmjs.org/@discordjs/formatters/-/formatters-0.3.3.tgz",
            "integrity": "sha512-wTcI1Q5cps1eSGhl6+6AzzZkBBlVrBdc9IUhJbijRgVjCNIIIZPgqnUj3ntFODsHrdbGU8BEG9XmDQmgEEYn3w==",
            "dependencies": {
                "discord-api-types": "0.37.61"
            },
            "engines": {
                "node": ">=16.11.0"
            }
        },
        "node_modules/@discordjs/rest": {
            "version": "2.2.0",
            "resolved": "https://registry.npmjs.org/@discordjs/rest/-/rest-2.2.0.tgz",
            "integrity": "sha512-nXm9wT8oqrYFRMEqTXQx9DUTeEtXUDMmnUKIhZn6O2EeDY9VCdwj23XCPq7fkqMPKdF7ldAfeVKyxxFdbZl59A==",
            "dependencies": {
                "@discordjs/collection": "^2.0.0",
                "@discordjs/util": "^1.0.2",
                "@sapphire/async-queue": "^1.5.0",
                "@sapphire/snowflake": "^3.5.1",
                "@vladfrangu/async_event_emitter": "^2.2.2",
                "discord-api-types": "0.37.61",
                "magic-bytes.js": "^1.5.0",
                "tslib": "^2.6.2",
                "undici": "5.27.2"
            },
            "engines": {
                "node": ">=16.11.0"
            }
        },
        "node_modules/@discordjs/rest/node_modules/@discordjs/collection": {
            "version": "2.0.0",
            "resolved": "https://registry.npmjs.org/@discordjs/collection/-/collection-2.0.0.tgz",
            "integrity": "sha512-YTWIXLrf5FsrLMycpMM9Q6vnZoR/lN2AWX23/Cuo8uOOtS8eHB2dyQaaGnaF8aZPYnttf2bkLMcXn/j6JUOi3w==",
            "engines": {
                "node": ">=18"
            }
        },
        "node_modules/@discordjs/util": {
            "version": "1.0.2",
            "resolved": "https://registry.npmjs.org/@discordjs/util/-/util-1.0.2.tgz",
            "integrity": "sha512-IRNbimrmfb75GMNEjyznqM1tkI7HrZOf14njX7tCAAUetyZM1Pr8hX/EK2lxBCOgWDRmigbp24fD1hdMfQK5lw==",
            "engines": {
                "node": ">=16.11.0"
            }
        },
        "node_modules/@discordjs/ws": {
            "version": "1.0.2",
            "resolved": "https://registry.npmjs.org/@discordjs/ws/-/ws-1.0.2.tgz",
            "integrity": "sha512-+XI82Rm2hKnFwAySXEep4A7Kfoowt6weO6381jgW+wVdTpMS/56qCvoXyFRY0slcv7c/U8My2PwIB2/wEaAh7Q==",
            "dependencies": {
                "@discordjs/collection": "^2.0.0",
                "@discordjs/rest": "^2.1.0",
                "@discordjs/util": "^1.0.2",
                "@sapphire/async-queue": "^1.5.0",
                "@types/ws": "^8.5.9",
                "@vladfrangu/async_event_emitter": "^2.2.2",
                "discord-api-types": "0.37.61",
                "tslib": "^2.6.2",
                "ws": "^8.14.2"
            },
            "engines": {
                "node": ">=16.11.0"
            }
        },
        "node_modules/@discordjs/ws/node_modules/@discordjs/collection": {
            "version": "2.0.0",
            "resolved": "https://registry.npmjs.org/@discordjs/collection/-/collection-2.0.0.tgz",
            "integrity": "sha512-YTWIXLrf5FsrLMycpMM9Q6vnZoR/lN2AWX23/Cuo8uOOtS8eHB2dyQaaGnaF8aZPYnttf2bkLMcXn/j6JUOi3w==",
            "engines": {
                "node": ">=18"
            }
        },
        "node_modules/@fastify/busboy": {
            "version": "2.1.0",
            "resolved": "https://registry.npmjs.org/@fastify/busboy/-/busboy-2.1.0.tgz",
            "integrity": "sha512-+KpH+QxZU7O4675t3mnkQKcZZg56u+K/Ct2K+N2AZYNVK8kyeo/bI18tI8aPm3tvNNRyTWfj6s5tnGNlcbQRsA==",
            "engines": {
                "node": ">=14"
            }
        },
        "node_modules/@mongodb-js/saslprep": {
            "version": "1.1.1",
            "resolved": "https://registry.npmjs.org/@mongodb-js/saslprep/-/saslprep-1.1.1.tgz",
            "integrity": "sha512-t7c5K033joZZMspnHg/gWPE4kandgc2OxE74aYOtGKfgB9VPuVJPix0H6fhmm2erj5PBJ21mqcx34lpIGtUCsQ==",
            "optional": true,
            "dependencies": {
                "sparse-bitfield": "^3.0.3"
            }
        },
        "node_modules/@sapphire/async-queue": {
            "version": "1.5.1",
            "resolved": "https://registry.npmjs.org/@sapphire/async-queue/-/async-queue-1.5.1.tgz",
            "integrity": "sha512-1RdpsmDQR/aWfp8oJzPtn4dNQrbpqSL5PIA0uAB/XwerPXUf994Ug1au1e7uGcD7ei8/F63UDjr5GWps1g/HxQ==",
            "engines": {
                "node": ">=v14.0.0",
                "npm": ">=7.0.0"
            }
        },
        "node_modules/@sapphire/shapeshift": {
            "version": "3.9.5",
            "resolved": "https://registry.npmjs.org/@sapphire/shapeshift/-/shapeshift-3.9.5.tgz",
            "integrity": "sha512-AGdHe+51gF7D3W8hBfuSFLBocURDCXVQczScTHXDS3RpNjNgrktIx/amlz5y8nHhm8SAdFt/X8EF8ZSfjJ0tnA==",
            "dependencies": {
                "fast-deep-equal": "^3.1.3",
                "lodash": "^4.17.21"
            },
            "engines": {
                "node": ">=v18"
            }
        },
        "node_modules/@sapphire/snowflake": {
            "version": "3.5.1",
            "resolved": "https://registry.npmjs.org/@sapphire/snowflake/-/snowflake-3.5.1.tgz",
            "integrity": "sha512-BxcYGzgEsdlG0dKAyOm0ehLGm2CafIrfQTZGWgkfKYbj+pNNsorZ7EotuZukc2MT70E0UbppVbtpBrqpzVzjNA==",
            "engines": {
                "node": ">=v14.0.0",
                "npm": ">=7.0.0"
            }
        },
        "node_modules/@types/node": {
            "version": "20.10.4",
            "resolved": "https://registry.npmjs.org/@types/node/-/node-20.10.4.tgz",
            "integrity": "sha512-D08YG6rr8X90YB56tSIuBaddy/UXAA9RKJoFvrsnogAum/0pmjkgi4+2nx96A330FmioegBWmEYQ+syqCFaveg==",
            "dependencies": {
                "undici-types": "~5.26.4"
            }
        },
        "node_modules/@types/webidl-conversions": {
            "version": "7.0.3",
            "resolved": "https://registry.npmjs.org/@types/webidl-conversions/-/webidl-conversions-7.0.3.tgz",
            "integrity": "sha512-CiJJvcRtIgzadHCYXw7dqEnMNRjhGZlYK05Mj9OyktqV8uVT8fD2BFOB7S1uwBE3Kj2Z+4UyPmFw/Ixgw/LAlA=="
        },
        "node_modules/@types/whatwg-url": {
            "version": "8.2.2",
            "resolved": "https://registry.npmjs.org/@types/whatwg-url/-/whatwg-url-8.2.2.tgz",
            "integrity": "sha512-FtQu10RWgn3D9U4aazdwIE2yzphmTJREDqNdODHrbrZmmMqI0vMheC/6NE/J1Yveaj8H+ela+YwWTjq5PGmuhA==",
            "dependencies": {
                "@types/node": "*",
                "@types/webidl-conversions": "*"
            }
        },
        "node_modules/@types/ws": {
            "version": "8.5.9",
            "resolved": "https://registry.npmjs.org/@types/ws/-/ws-8.5.9.tgz",
            "integrity": "sha512-jbdrY0a8lxfdTp/+r7Z4CkycbOFN8WX+IOchLJr3juT/xzbJ8URyTVSJ/hvNdadTgM1mnedb47n+Y31GsFnQlg==",
            "dependencies": {
                "@types/node": "*"
            }
        },
        "node_modules/@vladfrangu/async_event_emitter": {
            "version": "2.2.4",
            "resolved": "https://registry.npmjs.org/@vladfrangu/async_event_emitter/-/async_event_emitter-2.2.4.tgz",
            "integrity": "sha512-ButUPz9E9cXMLgvAW8aLAKKJJsPu1dY1/l/E8xzLFuysowXygs6GBcyunK9rnGC4zTsnIc2mQo71rGw9U+Ykug==",
            "engines": {
                "node": ">=v14.0.0",
                "npm": ">=7.0.0"
            }
        },
        "node_modules/bson": {
            "version": "5.5.1",
            "resolved": "https://registry.npmjs.org/bson/-/bson-5.5.1.tgz",
            "integrity": "sha512-ix0EwukN2EpC0SRWIj/7B5+A6uQMQy6KMREI9qQqvgpkV2frH63T0UDVd1SYedL6dNCmDBYB3QtXi4ISk9YT+g==",
            "engines": {
                "node": ">=14.20.1"
            }
        },
        "node_modules/discord-api-types": {
            "version": "0.37.61",
            "resolved": "https://registry.npmjs.org/discord-api-types/-/discord-api-types-0.37.61.tgz",
            "integrity": "sha512-o/dXNFfhBpYHpQFdT6FWzeO7pKc838QeeZ9d91CfVAtpr5XLK4B/zYxQbYgPdoMiTDvJfzcsLW5naXgmHGDNXw=="
        },
        "node_modules/discord.js": {
            "version": "14.14.1",
            "resolved": "https://registry.npmjs.org/discord.js/-/discord.js-14.14.1.tgz",
            "integrity": "sha512-/hUVzkIerxKHyRKopJy5xejp4MYKDPTszAnpYxzVVv4qJYf+Tkt+jnT2N29PIPschicaEEpXwF2ARrTYHYwQ5w==",
            "dependencies": {
                "@discordjs/builders": "^1.7.0",
                "@discordjs/collection": "1.5.3",
                "@discordjs/formatters": "^0.3.3",
                "@discordjs/rest": "^2.1.0",
                "@discordjs/util": "^1.0.2",
                "@discordjs/ws": "^1.0.2",
                "@sapphire/snowflake": "3.5.1",
                "@types/ws": "8.5.9",
                "discord-api-types": "0.37.61",
                "fast-deep-equal": "3.1.3",
                "lodash.snakecase": "4.1.1",
                "tslib": "2.6.2",
                "undici": "5.27.2",
                "ws": "8.14.2"
            },
            "engines": {
                "node": ">=16.11.0"
            }
        },
        "node_modules/dotenv": {
            "version": "16.3.1",
            "resolved": "https://registry.npmjs.org/dotenv/-/dotenv-16.3.1.tgz",
            "integrity": "sha512-IPzF4w4/Rd94bA9imS68tZBaYyBWSCE47V1RGuMrB94iyTOIEwRmVL2x/4An+6mETpLrKJ5hQkB8W4kFAadeIQ==",
            "engines": {
                "node": ">=12"
            },
            "funding": {
                "url": "https://github.com/motdotla/dotenv?sponsor=1"
            }
        },
        "node_modules/events": {
            "version": "3.3.0",
            "resolved": "https://registry.npmjs.org/events/-/events-3.3.0.tgz",
            "integrity": "sha512-mQw+2fkQbALzQ7V0MY0IqdnXNOeTtP4r0lN9z7AAawCXgqea7bDii20AYrIBrFd/Hx0M2Ocz6S111CaFkUcb0Q==",
            "engines": {
                "node": ">=0.8.x"
            }
        },
        "node_modules/fast-deep-equal": {
            "version": "3.1.3",
            "resolved": "https://registry.npmjs.org/fast-deep-equal/-/fast-deep-equal-3.1.3.tgz",
            "integrity": "sha512-f3qQ9oQy9j2AhBe/H9VC91wLmKBCCU/gDOnKNAYG5hswO7BLKj09Hc5HYNz9cGI++xlpDCIgDaitVs03ATR84Q=="
        },
        "node_modules/ip": {
            "version": "2.0.0",
            "resolved": "https://registry.npmjs.org/ip/-/ip-2.0.0.tgz",
            "integrity": "sha512-WKa+XuLG1A1R0UWhl2+1XQSi+fZWMsYKffMZTTYsiZaUD8k2yDAj5atimTUD2TZkyCkNEeYE5NhFZmupOGtjYQ=="
        },
        "node_modules/lodash": {
            "version": "4.17.21",
            "resolved": "https://registry.npmjs.org/lodash/-/lodash-4.17.21.tgz",
            "integrity": "sha512-v2kDEe57lecTulaDIuNTPy3Ry4gLGJ6Z1O3vE1krgXZNrsQ+LFTGHVxVjcXPs17LhbZVGedAJv8XZ1tvj5FvSg=="
        },
        "node_modules/lodash.snakecase": {
            "version": "4.1.1",
            "resolved": "https://registry.npmjs.org/lodash.snakecase/-/lodash.snakecase-4.1.1.tgz",
            "integrity": "sha512-QZ1d4xoBHYUeuouhEq3lk3Uq7ldgyFXGBhg04+oRLnIz8o9T65Eh+8YdroUwn846zchkA9yDsDl5CVVaV2nqYw=="
        },
        "node_modules/magic-bytes.js": {
            "version": "1.7.0",
            "resolved": "https://registry.npmjs.org/magic-bytes.js/-/magic-bytes.js-1.7.0.tgz",
            "integrity": "sha512-YzVU2+/hrjwx8xcgAw+ffNq3jkactpj+f1iSL4LonrFKhvnwDzHSqtFdk/MMRP53y9ScouJ7cKEnqYsJwsHoYA=="
        },
        "node_modules/memory-pager": {
            "version": "1.5.0",
            "resolved": "https://registry.npmjs.org/memory-pager/-/memory-pager-1.5.0.tgz",
            "integrity": "sha512-ZS4Bp4r/Zoeq6+NLJpP+0Zzm0pR8whtGPf1XExKLJBAczGMnSi3It14OiNCStjQjM6NU1okjQGSxgEZN8eBYKg==",
            "optional": true
        },
        "node_modules/mongodb": {
            "version": "5.9.2",
            "resolved": "https://registry.npmjs.org/mongodb/-/mongodb-5.9.2.tgz",
            "integrity": "sha512-H60HecKO4Bc+7dhOv4sJlgvenK4fQNqqUIlXxZYQNbfEWSALGAwGoyJd/0Qwk4TttFXUOHJ2ZJQe/52ScaUwtQ==",
            "dependencies": {
                "bson": "^5.5.0",
                "mongodb-connection-string-url": "^2.6.0",
                "socks": "^2.7.1"
            },
            "engines": {
                "node": ">=14.20.1"
            },
            "optionalDependencies": {
                "@mongodb-js/saslprep": "^1.1.0"
            },
            "peerDependencies": {
                "@aws-sdk/credential-providers": "^3.188.0",
                "@mongodb-js/zstd": "^1.0.0",
                "kerberos": "^1.0.0 || ^2.0.0",
                "mongodb-client-encryption": ">=2.3.0 <3",
                "snappy": "^7.2.2"
            },
            "peerDependenciesMeta": {
                "@aws-sdk/credential-providers": {
                    "optional": true
                },
                "@mongodb-js/zstd": {
                    "optional": true
                },
                "kerberos": {
                    "optional": true
                },
                "mongodb-client-encryption": {
                    "optional": true
                },
                "snappy": {
                    "optional": true
                }
            }
        },
        "node_modules/mongodb-connection-string-url": {
            "version": "2.6.0",
            "resolved": "https://registry.npmjs.org/mongodb-connection-string-url/-/mongodb-connection-string-url-2.6.0.tgz",
            "integrity": "sha512-WvTZlI9ab0QYtTYnuMLgobULWhokRjtC7db9LtcVfJ+Hsnyr5eo6ZtNAt3Ly24XZScGMelOcGtm7lSn0332tPQ==",
            "dependencies": {
                "@types/whatwg-url": "^8.2.1",
                "whatwg-url": "^11.0.0"
            }
        },
        "node_modules/node-cron": {
            "version": "3.0.3",
            "resolved": "https://registry.npmjs.org/node-cron/-/node-cron-3.0.3.tgz",
            "integrity": "sha512-dOal67//nohNgYWb+nWmg5dkFdIwDm8EpeGYMekPMrngV3637lqnX0lbUcCtgibHTz6SEz7DAIjKvKDFYCnO1A==",
            "dependencies": {
                "uuid": "8.3.2"
            },
            "engines": {
                "node": ">=6.0.0"
            }
        },
        "node_modules/punycode": {
            "version": "2.3.1",
            "resolved": "https://registry.npmjs.org/punycode/-/punycode-2.3.1.tgz",
            "integrity": "sha512-vYt7UD1U9Wg6138shLtLOvdAu+8DsC/ilFtEVHcH+wydcSpNE20AfSOduf6MkRFahL5FY7X1oU7nKVZFtfq8Fg==",
            "engines": {
                "node": ">=6"
            }
        },
        "node_modules/smart-buffer": {
            "version": "4.2.0",
            "resolved": "https://registry.npmjs.org/smart-buffer/-/smart-buffer-4.2.0.tgz",
            "integrity": "sha512-94hK0Hh8rPqQl2xXc3HsaBoOXKV20MToPkcXvwbISWLEs+64sBq5kFgn2kJDHb1Pry9yrP0dxrCI9RRci7RXKg==",
            "engines": {
                "node": ">= 6.0.0",
                "npm": ">= 3.0.0"
            }
        },
        "node_modules/socks": {
            "version": "2.7.1",
            "resolved": "https://registry.npmjs.org/socks/-/socks-2.7.1.tgz",
            "integrity": "sha512-7maUZy1N7uo6+WVEX6psASxtNlKaNVMlGQKkG/63nEDdLOWNbiUMoLK7X4uYoLhQstau72mLgfEWcXcwsaHbYQ==",
            "dependencies": {
                "ip": "^2.0.0",
                "smart-buffer": "^4.2.0"
            },
            "engines": {
                "node": ">= 10.13.0",
                "npm": ">= 3.0.0"
            }
        },
        "node_modules/sparse-bitfield": {
            "version": "3.0.3",
            "resolved": "https://registry.npmjs.org/sparse-bitfield/-/sparse-bitfield-3.0.3.tgz",
            "integrity": "sha512-kvzhi7vqKTfkh0PZU+2D2PIllw2ymqJKujUcyPMd9Y75Nv4nPbGJZXNhxsgdQab2BmlDct1YnfQCguEvHr7VsQ==",
            "optional": true,
            "dependencies": {
                "memory-pager": "^1.0.2"
            }
        },
        "node_modules/tr46": {
            "version": "3.0.0",
            "resolved": "https://registry.npmjs.org/tr46/-/tr46-3.0.0.tgz",
            "integrity": "sha512-l7FvfAHlcmulp8kr+flpQZmVwtu7nfRV7NZujtN0OqES8EL4O4e0qqzL0DC5gAvx/ZC/9lk6rhcUwYvkBnBnYA==",
            "dependencies": {
                "punycode": "^2.1.1"
            },
            "engines": {
                "node": ">=12"
            }
        },
        "node_modules/ts-mixer": {
            "version": "6.0.3",
            "resolved": "https://registry.npmjs.org/ts-mixer/-/ts-mixer-6.0.3.tgz",
            "integrity": "sha512-k43M7uCG1AkTyxgnmI5MPwKoUvS/bRvLvUb7+Pgpdlmok8AoqmUaZxUUw8zKM5B1lqZrt41GjYgnvAi0fppqgQ=="
        },
        "node_modules/tslib": {
            "version": "2.6.2",
            "resolved": "https://registry.npmjs.org/tslib/-/tslib-2.6.2.tgz",
            "integrity": "sha512-AEYxH93jGFPn/a2iVAwW87VuUIkR1FVUKB77NwMF7nBTDkDrrT/Hpt/IrCJ0QXhW27jTBDcf5ZY7w6RiqTMw2Q=="
        },
        "node_modules/undici": {
            "version": "5.27.2",
            "resolved": "https://registry.npmjs.org/undici/-/undici-5.27.2.tgz",
            "integrity": "sha512-iS857PdOEy/y3wlM3yRp+6SNQQ6xU0mmZcwRSriqk+et/cwWAtwmIGf6WkoDN2EK/AMdCO/dfXzIwi+rFMrjjQ==",
            "dependencies": {
                "@fastify/busboy": "^2.0.0"
            },
            "engines": {
                "node": ">=14.0"
            }
        },
        "node_modules/undici-types": {
            "version": "5.26.5",
            "resolved": "https://registry.npmjs.org/undici-types/-/undici-types-5.26.5.tgz",
            "integrity": "sha512-JlCMO+ehdEIKqlFxk6IfVoAUVmgz7cU7zD/h9XZ0qzeosSHmUJVOzSQvvYSYWXkFXC+IfLKSIffhv0sVZup6pA=="
        },
        "node_modules/uuid": {
            "version": "8.3.2",
            "resolved": "https://registry.npmjs.org/uuid/-/uuid-8.3.2.tgz",
            "integrity": "sha512-+NYs2QeMWy+GWFOEm9xnn6HCDp0l7QBD7ml8zLUmJ+93Q5NF0NocErnwkTkXVFNiX3/fpC6afS8Dhb/gz7R7eg==",
            "bin": {
                "uuid": "dist/bin/uuid"
            }
        },
        "node_modules/webidl-conversions": {
            "version": "7.0.0",
            "resolved": "https://registry.npmjs.org/webidl-conversions/-/webidl-conversions-7.0.0.tgz",
            "integrity": "sha512-VwddBukDzu71offAQR975unBIGqfKZpM+8ZX6ySk8nYhVoo5CYaZyzt3YBvYtRtO+aoGlqxPg/B87NGVZ/fu6g==",
            "engines": {
                "node": ">=12"
            }
        },
        "node_modules/whatwg-url": {
            "version": "11.0.0",
            "resolved": "https://registry.npmjs.org/whatwg-url/-/whatwg-url-11.0.0.tgz",
            "integrity": "sha512-RKT8HExMpoYx4igMiVMY83lN6UeITKJlBQ+vR/8ZJ8OCdSiN3RwCq+9gH0+Xzj0+5IrM6i4j/6LuvzbZIQgEcQ==",
            "dependencies": {
                "tr46": "^3.0.0",
                "webidl-conversions": "^7.0.0"
            },
            "engines": {
                "node": ">=12"
            }
        },
        "node_modules/ws": {
            "version": "8.14.2",
            "resolved": "https://registry.npmjs.org/ws/-/ws-8.14.2.tgz",
            "integrity": "sha512-wEBG1ftX4jcglPxgFCMJmZ2PLtSbJ2Peg6TmpJFTbe9GZYOQCDPdMYu/Tm0/bGZkw8paZnJY45J4K2PZrLYq8g==",
            "engines": {
                "node": ">=10.0.0"
            },
            "peerDependencies": {
                "bufferutil": "^4.0.1",
                "utf-8-validate": ">=5.0.2"
            },
            "peerDependenciesMeta": {
                "bufferutil": {
                    "optional": true
                },
                "utf-8-validate": {
                    "optional": true
                }
            }
        }
    }
}
